// !$*UTF8*$!
{
	archiveVersion = 1;
	classes = {
	};
	objectVersion = 50;
	objects = {

/* Begin PBXBuildFile section */
		61584FC5229E1EF000CDCE6C /* AppDelegate.swift in Sources */ = {isa = PBXBuildFile; fileRef = 61584FC4229E1EF000CDCE6C /* AppDelegate.swift */; };
		61584FC7229E1EF000CDCE6C /* ViewController.swift in Sources */ = {isa = PBXBuildFile; fileRef = 61584FC6229E1EF000CDCE6C /* ViewController.swift */; };
		61584FCA229E1EF000CDCE6C /* Main.storyboard in Resources */ = {isa = PBXBuildFile; fileRef = 61584FC8229E1EF000CDCE6C /* Main.storyboard */; };
		61584FCC229E1EF100CDCE6C /* Assets.xcassets in Resources */ = {isa = PBXBuildFile; fileRef = 61584FCB229E1EF100CDCE6C /* Assets.xcassets */; };
		61584FCF229E1EF100CDCE6C /* LaunchScreen.storyboard in Resources */ = {isa = PBXBuildFile; fileRef = 61584FCD229E1EF100CDCE6C /* LaunchScreen.storyboard */; };
		C8F62E634CE126FA0456F0BB /* Pods_Tesla_Mood.framework in Frameworks */ = {isa = PBXBuildFile; fileRef = 9C602D51859F499A7CB7FC80 /* Pods_Tesla_Mood.framework */; };
/* End PBXBuildFile section */

/* Begin PBXFileReference section */
		61584FC1229E1EF000CDCE6C /* Tesla Mood.app */ = {isa = PBXFileReference; explicitFileType = wrapper.application; includeInIndex = 0; path = "Tesla Mood.app"; sourceTree = BUILT_PRODUCTS_DIR; };
		61584FC4229E1EF000CDCE6C /* AppDelegate.swift */ = {isa = PBXFileReference; lastKnownFileType = sourcecode.swift; path = AppDelegate.swift; sourceTree = "<group>"; };
		61584FC6229E1EF000CDCE6C /* ViewController.swift */ = {isa = PBXFileReference; lastKnownFileType = sourcecode.swift; path = ViewController.swift; sourceTree = "<group>"; };
		61584FC9229E1EF000CDCE6C /* Base */ = {isa = PBXFileReference; lastKnownFileType = file.storyboard; name = Base; path = Base.lproj/Main.storyboard; sourceTree = "<group>"; };
		61584FCB229E1EF100CDCE6C /* Assets.xcassets */ = {isa = PBXFileReference; lastKnownFileType = folder.assetcatalog; path = Assets.xcassets; sourceTree = "<group>"; };
		61584FCE229E1EF100CDCE6C /* Base */ = {isa = PBXFileReference; lastKnownFileType = file.storyboard; name = Base; path = Base.lproj/LaunchScreen.storyboard; sourceTree = "<group>"; };
		61584FD0229E1EF100CDCE6C /* Info.plist */ = {isa = PBXFileReference; lastKnownFileType = text.plist.xml; path = Info.plist; sourceTree = "<group>"; };
		9C602D51859F499A7CB7FC80 /* Pods_Tesla_Mood.framework */ = {isa = PBXFileReference; explicitFileType = wrapper.framework; includeInIndex = 0; path = Pods_Tesla_Mood.framework; sourceTree = BUILT_PRODUCTS_DIR; };
		C7F579196CF6BB1F6A371E35 /* Pods-Tesla Mood.release.xcconfig */ = {isa = PBXFileReference; includeInIndex = 1; lastKnownFileType = text.xcconfig; name = "Pods-Tesla Mood.release.xcconfig"; path = "Target Support Files/Pods-Tesla Mood/Pods-Tesla Mood.release.xcconfig"; sourceTree = "<group>"; };
		D406ABFC35AB6E923CBCDB51 /* Pods-Tesla Mood.debug.xcconfig */ = {isa = PBXFileReference; includeInIndex = 1; lastKnownFileType = text.xcconfig; name = "Pods-Tesla Mood.debug.xcconfig"; path = "Target Support Files/Pods-Tesla Mood/Pods-Tesla Mood.debug.xcconfig"; sourceTree = "<group>"; };
/* End PBXFileReference section */

/* Begin PBXFrameworksBuildPhase section */
		61584FBE229E1EF000CDCE6C /* Frameworks */ = {
			isa = PBXFrameworksBuildPhase;
			buildActionMask = 2147483647;
			files = (
				C8F62E634CE126FA0456F0BB /* Pods_Tesla_Mood.framework in Frameworks */,
			);
			runOnlyForDeploymentPostprocessing = 0;
		};
/* End PBXFrameworksBuildPhase section */

/* Begin PBXGroup section */
		2344899FFDE822843147E131 /* Frameworks */ = {
			isa = PBXGroup;
			children = (
				9C602D51859F499A7CB7FC80 /* Pods_Tesla_Mood.framework */,
			);
			name = Frameworks;
			sourceTree = "<group>";
		};
		61584FB8229E1EF000CDCE6C = {
			isa = PBXGroup;
			children = (
				61584FC3229E1EF000CDCE6C /* Tesla Mood */,
				61584FC2229E1EF000CDCE6C /* Products */,
				C4B9B77B3EE5D70F4C3F7DB1 /* Pods */,
				2344899FFDE822843147E131 /* Frameworks */,
			);
			sourceTree = "<group>";
		};
		61584FC2229E1EF000CDCE6C /* Products */ = {
			isa = PBXGroup;
			children = (
				61584FC1229E1EF000CDCE6C /* Tesla Mood.app */,
			);
			name = Products;
			sourceTree = "<group>";
		};
		61584FC3229E1EF000CDCE6C /* Tesla Mood */ = {
			isa = PBXGroup;
			children = (
				61584FC4229E1EF000CDCE6C /* AppDelegate.swift */,
				61584FC6229E1EF000CDCE6C /* ViewController.swift */,
				61584FC8229E1EF000CDCE6C /* Main.storyboard */,
				61584FCB229E1EF100CDCE6C /* Assets.xcassets */,
				61584FCD229E1EF100CDCE6C /* LaunchScreen.storyboard */,
				61584FD0229E1EF100CDCE6C /* Info.plist */,
			);
			path = "Tesla Mood";
			sourceTree = "<group>";
		};
		C4B9B77B3EE5D70F4C3F7DB1 /* Pods */ = {
			isa = PBXGroup;
			children = (
				D406ABFC35AB6E923CBCDB51 /* Pods-Tesla Mood.debug.xcconfig */,
				C7F579196CF6BB1F6A371E35 /* Pods-Tesla Mood.release.xcconfig */,
			);
			name = Pods;
			path = Pods;
			sourceTree = "<group>";
		};
/* End PBXGroup section */

/* Begin PBXNativeTarget section */
		61584FC0229E1EF000CDCE6C /* Tesla Mood */ = {
			isa = PBXNativeTarget;
			buildConfigurationList = 61584FD3229E1EF100CDCE6C /* Build configuration list for PBXNativeTarget "Tesla Mood" */;
			buildPhases = (
				F1C1F41F12CDDC33B8CF347E /* [CP] Check Pods Manifest.lock */,
				61584FBD229E1EF000CDCE6C /* Sources */,
				61584FBE229E1EF000CDCE6C /* Frameworks */,
				61584FBF229E1EF000CDCE6C /* Resources */,
				A3D3CFC2A5BEF1DAA26FDC54 /* [CP] Embed Pods Frameworks */,
			);
			buildRules = (
			);
			dependencies = (
			);
			name = "Tesla Mood";
			productName = "Tesla Mood";
			productReference = 61584FC1229E1EF000CDCE6C /* Tesla Mood.app */;
			productType = "com.apple.product-type.application";
		};
/* End PBXNativeTarget section */

/* Begin PBXProject section */
		61584FB9229E1EF000CDCE6C /* Project object */ = {
			isa = PBXProject;
			attributes = {
				LastSwiftUpdateCheck = 1020;
				LastUpgradeCheck = 1020;
				ORGANIZATIONNAME = "Samuel Joseph";
				TargetAttributes = {
					61584FC0229E1EF000CDCE6C = {
						CreatedOnToolsVersion = 10.2.1;
					};
				};
			};
			buildConfigurationList = 61584FBC229E1EF000CDCE6C /* Build configuration list for PBXProject "Tesla Mood" */;
			compatibilityVersion = "Xcode 9.3";
			developmentRegion = en;
			hasScannedForEncodings = 0;
			knownRegions = (
				en,
				Base,
			);
			mainGroup = 61584FB8229E1EF000CDCE6C;
			productRefGroup = 61584FC2229E1EF000CDCE6C /* Products */;
			projectDirPath = "";
			projectRoot = "";
			targets = (
				61584FC0229E1EF000CDCE6C /* Tesla Mood */,
			);
		};
/* End PBXProject section */

/* Begin PBXResourcesBuildPhase section */
		61584FBF229E1EF000CDCE6C /* Resources */ = {
			isa = PBXResourcesBuildPhase;
			buildActionMask = 2147483647;
			files = (
				61584FCF229E1EF100CDCE6C /* LaunchScreen.storyboard in Resources */,
				61584FCC229E1EF100CDCE6C /* Assets.xcassets in Resources */,
				61584FCA229E1EF000CDCE6C /* Main.storyboard in Resources */,
			);
			runOnlyForDeploymentPostprocessing = 0;
		};
/* End PBXResourcesBuildPhase section */

/* Begin PBXShellScriptBuildPhase section */
		A3D3CFC2A5BEF1DAA26FDC54 /* [CP] Embed Pods Frameworks */ = {
			isa = PBXShellScriptBuildPhase;
			buildActionMask = 2147483647;
			files = (
			);
			inputFileListPaths = (
				"${PODS_ROOT}/Target Support Files/Pods-Tesla Mood/Pods-Tesla Mood-frameworks-${CONFIGURATION}-input-files.xcfilelist",
			);
			name = "[CP] Embed Pods Frameworks";
			outputFileListPaths = (
				"${PODS_ROOT}/Target Support Files/Pods-Tesla Mood/Pods-Tesla Mood-frameworks-${CONFIGURATION}-output-files.xcfilelist",
			);
			runOnlyForDeploymentPostprocessing = 0;
			shellPath = /bin/sh;
			shellScript = "\"${PODS_ROOT}/Target Support Files/Pods-Tesla Mood/Pods-Tesla Mood-frameworks.sh\"\n";
			showEnvVarsInLog = 0;
		};
		F1C1F41F12CDDC33B8CF347E /* [CP] Check Pods Manifest.lock */ = {
			isa = PBXShellScriptBuildPhase;
			buildActionMask = 2147483647;
			files = (
			);
			inputFileListPaths = (
			);
			inputPaths = (
				"${PODS_PODFILE_DIR_PATH}/Podfile.lock",
				"${PODS_ROOT}/Manifest.lock",
			);
			name = "[CP] Check Pods Manifest.lock";
			outputFileListPaths = (
			);
			outputPaths = (
				"$(DERIVED_FILE_DIR)/Pods-Tesla Mood-checkManifestLockResult.txt",
			);
			runOnlyForDeploymentPostprocessing = 0;
			shellPath = /bin/sh;
			shellScript = "diff \"${PODS_PODFILE_DIR_PATH}/Podfile.lock\" \"${PODS_ROOT}/Manifest.lock\" > /dev/null\nif [ $? != 0 ] ; then\n    # print error to STDERR\n    echo \"error: The sandbox is not in sync with the Podfile.lock. Run 'pod install' or update your CocoaPods installation.\" >&2\n    exit 1\nfi\n# This output is used by Xcode 'outputs' to avoid re-running this script phase.\necho \"SUCCESS\" > \"${SCRIPT_OUTPUT_FILE_0}\"\n";
			showEnvVarsInLog = 0;
		};
/* End PBXShellScriptBuildPhase section */

/* Begin PBXSourcesBuildPhase section */
		61584FBD229E1EF000CDCE6C /* Sources */ = {
			isa = PBXSourcesBuildPhase;
			buildActionMask = 2147483647;
			files = (
				61584FC7229E1EF000CDCE6C /* ViewController.swift in Sources */,
				61584FC5229E1EF000CDCE6C /* AppDelegate.swift in Sources */,
			);
			runOnlyForDeploymentPostprocessing = 0;
		};
/* End PBXSourcesBuildPhase section */

/* Begin PBXVariantGroup section */
		61584FC8229E1EF000CDCE6C /* Main.storyboard */ = {
			isa = PBXVariantGroup;
			children = (
				61584FC9229E1EF000CDCE6C /* Base */,
			);
			name = Main.storyboard;
			sourceTree = "<group>";
		};
		61584FCD229E1EF100CDCE6C /* LaunchScreen.storyboard */ = {
			isa = PBXVariantGroup;
			children = (
				61584FCE229E1EF100CDCE6C /* Base */,
			);
			name = LaunchScreen.storyboard;
			sourceTree = "<group>";
		};
/* End PBXVariantGroup section */

/* Begin XCBuildConfiguration section */
		61584FD1229E1EF100CDCE6C /* Debug */ = {
			isa = XCBuildConfiguration;
			buildSettings = {
				ALWAYS_SEARCH_USER_PATHS = NO;
				CLANG_ANALYZER_NONNULL = YES;
				CLANG_ANALYZER_NUMBER_OBJECT_CONVERSION = YES_AGGRESSIVE;
				CLANG_CXX_LANGUAGE_STANDARD = "gnu++14";
				CLANG_CXX_LIBRARY = "libc++";
				CLANG_ENABLE_MODULES = YES;
				CLANG_ENABLE_OBJC_ARC = YES;
				CLANG_ENABLE_OBJC_WEAK = YES;
				CLANG_WARN_BLOCK_CAPTURE_AUTORELEASING = YES;
				CLANG_WARN_BOOL_CONVERSION = YES;
				CLANG_WARN_COMMA = YES;
				CLANG_WARN_CONSTANT_CONVERSION = YES;
				CLANG_WARN_DEPRECATED_OBJC_IMPLEMENTATIONS = YES;
				CLANG_WARN_DIRECT_OBJC_ISA_USAGE = YES_ERROR;
				CLANG_WARN_DOCUMENTATION_COMMENTS = YES;
				CLANG_WARN_EMPTY_BODY = YES;
				CLANG_WARN_ENUM_CONVERSION = YES;
				CLANG_WARN_INFINITE_RECURSION = YES;
				CLANG_WARN_INT_CONVERSION = YES;
				CLANG_WARN_NON_LITERAL_NULL_CONVERSION = YES;
				CLANG_WARN_OBJC_IMPLICIT_RETAIN_SELF = YES;
				CLANG_WARN_OBJC_LITERAL_CONVERSION = YES;
				CLANG_WARN_OBJC_ROOT_CLASS = YES_ERROR;
				CLANG_WARN_RANGE_LOOP_ANALYSIS = YES;
				CLANG_WARN_STRICT_PROTOTYPES = YES;
				CLANG_WARN_SUSPICIOUS_MOVE = YES;
				CLANG_WARN_UNGUARDED_AVAILABILITY = YES_AGGRESSIVE;
				CLANG_WARN_UNREACHABLE_CODE = YES;
				CLANG_WARN__DUPLICATE_METHOD_MATCH = YES;
				CODE_SIGN_IDENTITY = "iPhone Developer";
				COPY_PHASE_STRIP = NO;
				DEBUG_INFORMATION_FORMAT = dwarf;
				ENABLE_STRICT_OBJC_MSGSEND = YES;
				ENABLE_TESTABILITY = YES;
				GCC_C_LANGUAGE_STANDARD = gnu11;
				GCC_DYNAMIC_NO_PIC = NO;
				GCC_NO_COMMON_BLOCKS = YES;
				GCC_OPTIMIZATION_LEVEL = 0;
				GCC_PREPROCESSOR_DEFINITIONS = (
					"DEBUG=1",
					"$(inherited)",
				);
				GCC_WARN_64_TO_32_BIT_CONVERSION = YES;
				GCC_WARN_ABOUT_RETURN_TYPE = YES_ERROR;
				GCC_WARN_UNDECLARED_SELECTOR = YES;
				GCC_WARN_UNINITIALIZED_AUTOS = YES_AGGRESSIVE;
				GCC_WARN_UNUSED_FUNCTION = YES;
				GCC_WARN_UNUSED_VARIABLE = YES;
				IPHONEOS_DEPLOYMENT_TARGET = 12.2;
				MTL_ENABLE_DEBUG_INFO = INCLUDE_SOURCE;
				MTL_FAST_MATH = YES;
				ONLY_ACTIVE_ARCH = YES;
				SDKROOT = iphoneos;
				SWIFT_ACTIVE_COMPILATION_CONDITIONS = DEBUG;
				SWIFT_OPTIMIZATION_LEVEL = "-Onone";
			};
			name = Debug;
		};
		61584FD2229E1EF100CDCE6C /* Release */ = {
			isa = XCBuildConfiguration;
			buildSettings = {
				ALWAYS_SEARCH_USER_PATHS = NO;
				CLANG_ANALYZER_NONNULL = YES;
				CLANG_ANALYZER_NUMBER_OBJECT_CONVERSION = YES_AGGRESSIVE;
				CLANG_CXX_LANGUAGE_STANDARD = "gnu++14";
				CLANG_CXX_LIBRARY = "libc++";
				CLANG_ENABLE_MODULES = YES;
				CLANG_ENABLE_OBJC_ARC = YES;
				CLANG_ENABLE_OBJC_WEAK = YES;
				CLANG_WARN_BLOCK_CAPTURE_AUTORELEASING = YES;
				CLANG_WARN_BOOL_CONVERSION = YES;
				CLANG_WARN_COMMA = YES;
				CLANG_WARN_CONSTANT_CONVERSION = YES;
				CLANG_WARN_DEPRECATED_OBJC_IMPLEMENTATIONS = YES;
				CLANG_WARN_DIRECT_OBJC_ISA_USAGE = YES_ERROR;
				CLANG_WARN_DOCUMENTATION_COMMENTS = YES;
				CLANG_WARN_EMPTY_BODY = YES;
				CLANG_WARN_ENUM_CONVERSION = YES;
				CLANG_WARN_INFINITE_RECURSION = YES;
				CLANG_WARN_INT_CONVERSION = YES;
				CLANG_WARN_NON_LITERAL_NULL_CONVERSION = YES;
				CLANG_WARN_OBJC_IMPLICIT_RETAIN_SELF = YES;
				CLANG_WARN_OBJC_LITERAL_CONVERSION = YES;
				CLANG_WARN_OBJC_ROOT_CLASS = YES_ERROR;
				CLANG_WARN_RANGE_LOOP_ANALYSIS = YES;
				CLANG_WARN_STRICT_PROTOTYPES = YES;
				CLANG_WARN_SUSPICIOUS_MOVE = YES;
				CLANG_WARN_UNGUARDED_AVAILABILITY = YES_AGGRESSIVE;
				CLANG_WARN_UNREACHABLE_CODE = YES;
				CLANG_WARN__DUPLICATE_METHOD_MATCH = YES;
				CODE_SIGN_IDENTITY = "iPhone Developer";
				COPY_PHASE_STRIP = NO;
				DEBUG_INFORMATION_FORMAT = "dwarf-with-dsym";
				ENABLE_NS_ASSERTIONS = NO;
				ENABLE_STRICT_OBJC_MSGSEND = YES;
				GCC_C_LANGUAGE_STANDARD = gnu11;
				GCC_NO_COMMON_BLOCKS = YES;
				GCC_WARN_64_TO_32_BIT_CONVERSION = YES;
				GCC_WARN_ABOUT_RETURN_TYPE = YES_ERROR;
				GCC_WARN_UNDECLARED_SELECTOR = YES;
				GCC_WARN_UNINITIALIZED_AUTOS = YES_AGGRESSIVE;
				GCC_WARN_UNUSED_FUNCTION = YES;
				GCC_WARN_UNUSED_VARIABLE = YES;
				IPHONEOS_DEPLOYMENT_TARGET = 12.2;
				MTL_ENABLE_DEBUG_INFO = NO;
				MTL_FAST_MATH = YES;
				SDKROOT = iphoneos;
				SWIFT_COMPILATION_MODE = wholemodule;
				SWIFT_OPTIMIZATION_LEVEL = "-O";
				VALIDATE_PRODUCT = YES;
			};
			name = Release;
		};
		61584FD4229E1EF100CDCE6C /* Debug */ = {
			isa = XCBuildConfiguration;
			baseConfigurationReference = D406ABFC35AB6E923CBCDB51 /* Pods-Tesla Mood.debug.xcconfig */;
			buildSettings = {
				ASSETCATALOG_COMPILER_APPICON_NAME = AppIcon;
				CODE_SIGN_STYLE = Automatic;
				DEVELOPMENT_TEAM = N48GHAPVP6;
				INFOPLIST_FILE = "Tesla Mood/Info.plist";
				LD_RUNPATH_SEARCH_PATHS = (
					"$(inherited)",
					"@executable_path/Frameworks",
				);
				PRODUCT_BUNDLE_IDENTIFIER = "com.sjoseph1848.Tesla-Mood";
				PRODUCT_NAME = "$(TARGET_NAME)";
				SWIFT_VERSION = 5.0;
				TARGETED_DEVICE_FAMILY = "1,2";
			};
			name = Debug;
		};
		61584FD5229E1EF100CDCE6C /* Release */ = {
			isa = XCBuildConfiguration;
			baseConfigurationReference = C7F579196CF6BB1F6A371E35 /* Pods-Tesla Mood.release.xcconfig */;
			buildSettings = {
				ASSETCATALOG_COMPILER_APPICON_NAME = AppIcon;
				CODE_SIGN_STYLE = Automatic;
				DEVELOPMENT_TEAM = N48GHAPVP6;
				INFOPLIST_FILE = "Tesla Mood/Info.plist";
				LD_RUNPATH_SEARCH_PATHS = (
					"$(inherited)",
					"@executable_path/Frameworks",
				);
				PRODUCT_BUNDLE_IDENTIFIER = "com.sjoseph1848.Tesla-Mood";
				PRODUCT_NAME = "$(TARGET_NAME)";
				SWIFT_VERSION = 5.0;
				TARGETED_DEVICE_FAMILY = "1,2";
			};
			name = Release;
		};
/* End XCBuildConfiguration section */

/* Begin XCConfigurationList section */
		61584FBC229E1EF000CDCE6C /* Build configuration list for PBXProject "Tesla Mood" */ = {
			isa = XCConfigurationList;
			buildConfigurations = (
				61584FD1229E1EF100CDCE6C /* Debug */,
				61584FD2229E1EF100CDCE6C /* Release */,
			);
			defaultConfigurationIsVisible = 0;
			defaultConfigurationName = Release;
		};
		61584FD3229E1EF100CDCE6C /* Build configuration list for PBXNativeTarget "Tesla Mood" */ = {
			isa = XCConfigurationList;
			buildConfigurations = (
				61584FD4229E1EF100CDCE6C /* Debug */,
				61584FD5229E1EF100CDCE6C /* Release */,
			);
			defaultConfigurationIsVisible = 0;
			defaultConfigurationName = Release;
		};
/* End XCConfigurationList section */
	};
	rootObject = 61584FB9229E1EF000CDCE6C /* Project object */;
}
